
Microsoft Visual Studio Solution File, Format Version 12.00
# Visual Studio Version 17
VisualStudioVersion = 17.8.34525.116
MinimumVisualStudioVersion = 10.0.40219.1
Project("{FAE04EC0-301F-11D3-BF4B-00C04F79EFBC}") = "ConsoleApp1", "ConsoleApp1.csproj", "{DE9065A4-7968-47FC-B6CD-8BD28F30FBB6}"
EndProject
Global
	GlobalSection(SolutionConfigurationPlatforms) = preSolution
		Debug|Any CPU = Debug|Any CPU
		Release|Any CPU = Release|Any CPU
	EndGlobalSection
	GlobalSection(ProjectConfigurationPlatforms) = postSolution
		{DE9065A4-7968-47FC-B6CD-8BD28F30FBB6}.Debug|Any CPU.ActiveCfg = Debug|Any CPU
		{DE9065A4-7968-47FC-B6CD-8BD28F30FBB6}.Debug|Any CPU.Build.0 = Debug|Any CPU
		{DE9065A4-7968-47FC-B6CD-8BD28F30FBB6}.Release|Any CPU.ActiveCfg = Release|Any CPU
		{DE9065A4-7968-47FC-B6CD-8BD28F30FBB6}.Release|Any CPU.Build.0 = Release|Any CPU
	EndGlobalSection
	GlobalSection(SolutionProperties) = preSolution
		HideSolutionNode = FALSE
	EndGlobalSection
	GlobalSection(ExtensibilityGlobals) = postSolution
		SolutionGuid = {5F1D6DE7-D59F-48C5-B230-685034F985A3}
	EndGlobalSection
EndGlobal
